
Microsoft Visual Studio Solution File, Format Version 12.00
# Visual Studio Version 16
VisualStudioVersion = 16.0.34931.43
MinimumVisualStudioVersion = 10.0.40219.1
Project("{FAE04EC0-301F-11D3-BF4B-00C04F79EFBC}") = "MVCWebFormSample", "MVCWebFormSample\MVCWebFormSample.csproj", "{EF7C55CE-76CB-45EE-B37D-BAA9A36E39AA}"
EndProject
Global
	GlobalSection(SolutionConfigurationPlatforms) = preSolution
		Debug|Any CPU = Debug|Any CPU
		Release|Any CPU = Release|Any CPU
	EndGlobalSection
	GlobalSection(ProjectConfigurationPlatforms) = postSolution
		{EF7C55CE-76CB-45EE-B37D-BAA9A36E39AA}.Debug|Any CPU.ActiveCfg = Debug|Any CPU
		{EF7C55CE-76CB-45EE-B37D-BAA9A36E39AA}.Debug|Any CPU.Build.0 = Debug|Any CPU
		{EF7C55CE-76CB-45EE-B37D-BAA9A36E39AA}.Release|Any CPU.ActiveCfg = Release|Any CPU
		{EF7C55CE-76CB-45EE-B37D-BAA9A36E39AA}.Release|Any CPU.Build.0 = Release|Any CPU
	EndGlobalSection
	GlobalSection(SolutionProperties) = preSolution
		HideSolutionNode = FALSE
	EndGlobalSection
	GlobalSection(ExtensibilityGlobals) = postSolution
		SolutionGuid = {E997DF74-77AA-4930-B1C0-D25A1424C4AC}
	EndGlobalSection
EndGlobal
